// !$*UTF8*$!
{
	archiveVersion = 1;
	classes = {
	};
	objectVersion = 55;
	objects = {

/* Begin PBXBuildFile section */
		844CEAAA2812B8C200FB0876 /* GFTitleLabel.swift in Sources */ = {isa = PBXBuildFile; fileRef = 844CEAA92812B8C200FB0876 /* GFTitleLabel.swift */; };
		844CEAAC2812BA4A00FB0876 /* GFBodyLabel.swift in Sources */ = {isa = PBXBuildFile; fileRef = 844CEAAB2812BA4A00FB0876 /* GFBodyLabel.swift */; };
		844CEAAE2812BB5000FB0876 /* GFAlertVC.swift in Sources */ = {isa = PBXBuildFile; fileRef = 844CEAAD2812BB5000FB0876 /* GFAlertVC.swift */; };
		844CEAB02812C58800FB0876 /* UIViewController+Ext.swift in Sources */ = {isa = PBXBuildFile; fileRef = 844CEAAF2812C58800FB0876 /* UIViewController+Ext.swift */; };
		844CEAB72813116D00FB0876 /* Follower.swift in Sources */ = {isa = PBXBuildFile; fileRef = 844CEAB62813116D00FB0876 /* Follower.swift */; };
		844CEAB928131B9E00FB0876 /* User.swift in Sources */ = {isa = PBXBuildFile; fileRef = 844CEAB828131B9E00FB0876 /* User.swift */; };
		844CEABC2813986000FB0876 /* NetworkManager.swift in Sources */ = {isa = PBXBuildFile; fileRef = 844CEABB2813986000FB0876 /* NetworkManager.swift */; };
		844CEAE4281428D300FB0876 /* FollowerCell.swift in Sources */ = {isa = PBXBuildFile; fileRef = 844CEAE3281428D300FB0876 /* FollowerCell.swift */; };
		844CEAE6281429BE00FB0876 /* GFAvatarImageView.swift in Sources */ = {isa = PBXBuildFile; fileRef = 844CEAE5281429BE00FB0876 /* GFAvatarImageView.swift */; };
		846A06A528164B2300DBABFB /* GFItemInfoView.swift in Sources */ = {isa = PBXBuildFile; fileRef = 846A06A428164B2300DBABFB /* GFItemInfoView.swift */; };
		846A06A728167C4E00DBABFB /* GFItemInfoVC.swift in Sources */ = {isa = PBXBuildFile; fileRef = 846A06A628167C4E00DBABFB /* GFItemInfoVC.swift */; };
		846A06A92816933D00DBABFB /* GFRepoItemVC.swift in Sources */ = {isa = PBXBuildFile; fileRef = 846A06A82816933D00DBABFB /* GFRepoItemVC.swift */; };
		846A06AB281698A100DBABFB /* GFFollowerItemVC.swift in Sources */ = {isa = PBXBuildFile; fileRef = 846A06AA281698A100DBABFB /* GFFollowerItemVC.swift */; };
		846A06AE28169D0F00DBABFB /* Date+Ext.swift in Sources */ = {isa = PBXBuildFile; fileRef = 846A06AD28169D0F00DBABFB /* Date+Ext.swift */; };
		846A06B028169D4C00DBABFB /* String+Ext.swift in Sources */ = {isa = PBXBuildFile; fileRef = 846A06AF28169D4C00DBABFB /* String+Ext.swift */; };
		84C432AB2814DD940086ABF6 /* UIHelper.swift in Sources */ = {isa = PBXBuildFile; fileRef = 84C432AA2814DD940086ABF6 /* UIHelper.swift */; };
		84C432B428156AB80086ABF6 /* GFEmptyStateView.swift in Sources */ = {isa = PBXBuildFile; fileRef = 84C432B328156AB80086ABF6 /* GFEmptyStateView.swift */; };
		84C432B6281580C30086ABF6 /* UserInfoVC.swift in Sources */ = {isa = PBXBuildFile; fileRef = 84C432B5281580C30086ABF6 /* UserInfoVC.swift */; };
		84C432B8281592C40086ABF6 /* GFError.swift in Sources */ = {isa = PBXBuildFile; fileRef = 84C432B7281592C40086ABF6 /* GFError.swift */; };
		84C432BE2815AB720086ABF6 /* GFUserInfoHeaderVC.swift in Sources */ = {isa = PBXBuildFile; fileRef = 84C432BD2815AB720086ABF6 /* GFUserInfoHeaderVC.swift */; };
		84C432C02815AC450086ABF6 /* GFSecondaryTitleLabel.swift in Sources */ = {isa = PBXBuildFile; fileRef = 84C432BF2815AC450086ABF6 /* GFSecondaryTitleLabel.swift */; };
		84C432C22815BCD00086ABF6 /* Constants.swift in Sources */ = {isa = PBXBuildFile; fileRef = 84C432C12815BCD00086ABF6 /* Constants.swift */; };
		84C9AF502811042B00D2F935 /* AppDelegate.swift in Sources */ = {isa = PBXBuildFile; fileRef = 84C9AF4F2811042B00D2F935 /* AppDelegate.swift */; };
		84C9AF522811042B00D2F935 /* SceneDelegate.swift in Sources */ = {isa = PBXBuildFile; fileRef = 84C9AF512811042B00D2F935 /* SceneDelegate.swift */; };
		84C9AF592811043000D2F935 /* Assets.xcassets in Resources */ = {isa = PBXBuildFile; fileRef = 84C9AF582811043000D2F935 /* Assets.xcassets */; };
		84C9AF5C2811043000D2F935 /* LaunchScreen.storyboard in Resources */ = {isa = PBXBuildFile; fileRef = 84C9AF5A2811043000D2F935 /* LaunchScreen.storyboard */; };
		84C9AF882812066A00D2F935 /* SearchVC.swift in Sources */ = {isa = PBXBuildFile; fileRef = 84C9AF872812066A00D2F935 /* SearchVC.swift */; };
		84C9AF8A281206C800D2F935 /* FavoritesListVC.swift in Sources */ = {isa = PBXBuildFile; fileRef = 84C9AF89281206C800D2F935 /* FavoritesListVC.swift */; };
		84C9AF8C281215E100D2F935 /* GFButton.swift in Sources */ = {isa = PBXBuildFile; fileRef = 84C9AF8B281215E100D2F935 /* GFButton.swift */; };
		84C9AF8E28121F3E00D2F935 /* GFTextField.swift in Sources */ = {isa = PBXBuildFile; fileRef = 84C9AF8D28121F3E00D2F935 /* GFTextField.swift */; };
		84C9AF922812880700D2F935 /* FollowersListVC.swift in Sources */ = {isa = PBXBuildFile; fileRef = 84C9AF912812880700D2F935 /* FollowersListVC.swift */; };
/* End PBXBuildFile section */

/* Begin PBXFileReference section */
		844CEAA92812B8C200FB0876 /* GFTitleLabel.swift */ = {isa = PBXFileReference; lastKnownFileType = sourcecode.swift; path = GFTitleLabel.swift; sourceTree = "<group>"; };
		844CEAAB2812BA4A00FB0876 /* GFBodyLabel.swift */ = {isa = PBXFileReference; lastKnownFileType = sourcecode.swift; path = GFBodyLabel.swift; sourceTree = "<group>"; };
		844CEAAD2812BB5000FB0876 /* GFAlertVC.swift */ = {isa = PBXFileReference; lastKnownFileType = sourcecode.swift; path = GFAlertVC.swift; sourceTree = "<group>"; };
		844CEAAF2812C58800FB0876 /* UIViewController+Ext.swift */ = {isa = PBXFileReference; lastKnownFileType = sourcecode.swift; path = "UIViewController+Ext.swift"; sourceTree = "<group>"; };
		844CEAB62813116D00FB0876 /* Follower.swift */ = {isa = PBXFileReference; lastKnownFileType = sourcecode.swift; path = Follower.swift; sourceTree = "<group>"; };
		844CEAB828131B9E00FB0876 /* User.swift */ = {isa = PBXFileReference; lastKnownFileType = sourcecode.swift; path = User.swift; sourceTree = "<group>"; };
		844CEABB2813986000FB0876 /* NetworkManager.swift */ = {isa = PBXFileReference; lastKnownFileType = sourcecode.swift; path = NetworkManager.swift; sourceTree = "<group>"; };
		844CEAE3281428D300FB0876 /* FollowerCell.swift */ = {isa = PBXFileReference; lastKnownFileType = sourcecode.swift; path = FollowerCell.swift; sourceTree = "<group>"; };
		844CEAE5281429BE00FB0876 /* GFAvatarImageView.swift */ = {isa = PBXFileReference; lastKnownFileType = sourcecode.swift; path = GFAvatarImageView.swift; sourceTree = "<group>"; };
		846A06A428164B2300DBABFB /* GFItemInfoView.swift */ = {isa = PBXFileReference; lastKnownFileType = sourcecode.swift; path = GFItemInfoView.swift; sourceTree = "<group>"; };
		846A06A628167C4E00DBABFB /* GFItemInfoVC.swift */ = {isa = PBXFileReference; lastKnownFileType = sourcecode.swift; path = GFItemInfoVC.swift; sourceTree = "<group>"; };
		846A06A82816933D00DBABFB /* GFRepoItemVC.swift */ = {isa = PBXFileReference; lastKnownFileType = sourcecode.swift; path = GFRepoItemVC.swift; sourceTree = "<group>"; };
		846A06AA281698A100DBABFB /* GFFollowerItemVC.swift */ = {isa = PBXFileReference; lastKnownFileType = sourcecode.swift; path = GFFollowerItemVC.swift; sourceTree = "<group>"; };
		846A06AD28169D0F00DBABFB /* Date+Ext.swift */ = {isa = PBXFileReference; lastKnownFileType = sourcecode.swift; path = "Date+Ext.swift"; sourceTree = "<group>"; };
		846A06AF28169D4C00DBABFB /* String+Ext.swift */ = {isa = PBXFileReference; lastKnownFileType = sourcecode.swift; path = "String+Ext.swift"; sourceTree = "<group>"; };
		84C432AA2814DD940086ABF6 /* UIHelper.swift */ = {isa = PBXFileReference; lastKnownFileType = sourcecode.swift; path = UIHelper.swift; sourceTree = "<group>"; };
		84C432B328156AB80086ABF6 /* GFEmptyStateView.swift */ = {isa = PBXFileReference; lastKnownFileType = sourcecode.swift; path = GFEmptyStateView.swift; sourceTree = "<group>"; };
		84C432B5281580C30086ABF6 /* UserInfoVC.swift */ = {isa = PBXFileReference; lastKnownFileType = sourcecode.swift; path = UserInfoVC.swift; sourceTree = "<group>"; };
		84C432B7281592C40086ABF6 /* GFError.swift */ = {isa = PBXFileReference; lastKnownFileType = sourcecode.swift; path = GFError.swift; sourceTree = "<group>"; };
		84C432BD2815AB720086ABF6 /* GFUserInfoHeaderVC.swift */ = {isa = PBXFileReference; lastKnownFileType = sourcecode.swift; path = GFUserInfoHeaderVC.swift; sourceTree = "<group>"; };
		84C432BF2815AC450086ABF6 /* GFSecondaryTitleLabel.swift */ = {isa = PBXFileReference; lastKnownFileType = sourcecode.swift; path = GFSecondaryTitleLabel.swift; sourceTree = "<group>"; };
		84C432C12815BCD00086ABF6 /* Constants.swift */ = {isa = PBXFileReference; lastKnownFileType = sourcecode.swift; path = Constants.swift; sourceTree = "<group>"; };
		84C9AF4C2811042B00D2F935 /* GitHubFollowers.app */ = {isa = PBXFileReference; explicitFileType = wrapper.application; includeInIndex = 0; path = GitHubFollowers.app; sourceTree = BUILT_PRODUCTS_DIR; };
		84C9AF4F2811042B00D2F935 /* AppDelegate.swift */ = {isa = PBXFileReference; lastKnownFileType = sourcecode.swift; path = AppDelegate.swift; sourceTree = "<group>"; };
		84C9AF512811042B00D2F935 /* SceneDelegate.swift */ = {isa = PBXFileReference; lastKnownFileType = sourcecode.swift; path = SceneDelegate.swift; sourceTree = "<group>"; };
		84C9AF582811043000D2F935 /* Assets.xcassets */ = {isa = PBXFileReference; lastKnownFileType = folder.assetcatalog; path = Assets.xcassets; sourceTree = "<group>"; };
		84C9AF5B2811043000D2F935 /* Base */ = {isa = PBXFileReference; lastKnownFileType = file.storyboard; name = Base; path = Base.lproj/LaunchScreen.storyboard; sourceTree = "<group>"; };
		84C9AF5D2811043000D2F935 /* Info.plist */ = {isa = PBXFileReference; lastKnownFileType = text.plist.xml; path = Info.plist; sourceTree = "<group>"; };
		84C9AF872812066A00D2F935 /* SearchVC.swift */ = {isa = PBXFileReference; lastKnownFileType = sourcecode.swift; path = SearchVC.swift; sourceTree = "<group>"; };
		84C9AF89281206C800D2F935 /* FavoritesListVC.swift */ = {isa = PBXFileReference; lastKnownFileType = sourcecode.swift; path = FavoritesListVC.swift; sourceTree = "<group>"; };
		84C9AF8B281215E100D2F935 /* GFButton.swift */ = {isa = PBXFileReference; lastKnownFileType = sourcecode.swift; path = GFButton.swift; sourceTree = "<group>"; };
		84C9AF8D28121F3E00D2F935 /* GFTextField.swift */ = {isa = PBXFileReference; lastKnownFileType = sourcecode.swift; path = GFTextField.swift; sourceTree = "<group>"; };
		84C9AF912812880700D2F935 /* FollowersListVC.swift */ = {isa = PBXFileReference; lastKnownFileType = sourcecode.swift; path = FollowersListVC.swift; sourceTree = "<group>"; };
/* End PBXFileReference section */

/* Begin PBXFrameworksBuildPhase section */
		84C9AF492811042B00D2F935 /* Frameworks */ = {
			isa = PBXFrameworksBuildPhase;
			buildActionMask = 2147483647;
			files = (
			);
			runOnlyForDeploymentPostprocessing = 0;
		};
/* End PBXFrameworksBuildPhase section */

/* Begin PBXGroup section */
		844CEAB12812EE7E00FB0876 /* Screens */ = {
			isa = PBXGroup;
			children = (
				84C9AF872812066A00D2F935 /* SearchVC.swift */,
				84C9AF912812880700D2F935 /* FollowersListVC.swift */,
				84C9AF89281206C800D2F935 /* FavoritesListVC.swift */,
				84C432B5281580C30086ABF6 /* UserInfoVC.swift */,
			);
			path = Screens;
			sourceTree = "<group>";
		};
		844CEAB228130CFB00FB0876 /* Custom Views */ = {
			isa = PBXGroup;
			children = (
				84C432B228156A630086ABF6 /* Labels */,
				84C432B128156A090086ABF6 /* ImageView */,
				84C432B0281569FE0086ABF6 /* TextFields */,
				84C432AF281569F00086ABF6 /* ViewController */,
				84C432AE281569EA0086ABF6 /* Views */,
				84C432AD281569CE0086ABF6 /* Buttons */,
				844CEAE22814288F00FB0876 /* Cells */,
			);
			path = "Custom Views";
			sourceTree = "<group>";
		};
		844CEAB328130D4200FB0876 /* Extensions */ = {
			isa = PBXGroup;
			children = (
				844CEAAF2812C58800FB0876 /* UIViewController+Ext.swift */,
				846A06AD28169D0F00DBABFB /* Date+Ext.swift */,
				846A06AF28169D4C00DBABFB /* String+Ext.swift */,
			);
			path = Extensions;
			sourceTree = "<group>";
		};
		844CEAB428130DAB00FB0876 /* Support */ = {
			isa = PBXGroup;
			children = (
				84C9AF512811042B00D2F935 /* SceneDelegate.swift */,
				84C9AF4F2811042B00D2F935 /* AppDelegate.swift */,
			);
			path = Support;
			sourceTree = "<group>";
		};
		844CEAB52813115800FB0876 /* Model */ = {
			isa = PBXGroup;
			children = (
				844CEAB62813116D00FB0876 /* Follower.swift */,
				844CEAB828131B9E00FB0876 /* User.swift */,
			);
			path = Model;
			sourceTree = "<group>";
		};
		844CEABA2813984900FB0876 /* Managers */ = {
			isa = PBXGroup;
			children = (
				844CEABB2813986000FB0876 /* NetworkManager.swift */,
			);
			path = Managers;
			sourceTree = "<group>";
		};
		844CEADF281406D600FB0876 /* Utilities */ = {
			isa = PBXGroup;
			children = (
				84C432AA2814DD940086ABF6 /* UIHelper.swift */,
				84C432B7281592C40086ABF6 /* GFError.swift */,
				84C432C12815BCD00086ABF6 /* Constants.swift */,
			);
			path = Utilities;
			sourceTree = "<group>";
		};
		844CEAE22814288F00FB0876 /* Cells */ = {
			isa = PBXGroup;
			children = (
				844CEAE3281428D300FB0876 /* FollowerCell.swift */,
			);
			path = Cells;
			sourceTree = "<group>";
		};
		846A06AC2816996800DBABFB /* ItemInfoVCs */ = {
			isa = PBXGroup;
			children = (
				846A06A628167C4E00DBABFB /* GFItemInfoVC.swift */,
				846A06A82816933D00DBABFB /* GFRepoItemVC.swift */,
				846A06AA281698A100DBABFB /* GFFollowerItemVC.swift */,
			);
			path = ItemInfoVCs;
			sourceTree = "<group>";
		};
		84C432AD281569CE0086ABF6 /* Buttons */ = {
			isa = PBXGroup;
			children = (
				84C9AF8B281215E100D2F935 /* GFButton.swift */,
			);
			path = Buttons;
			sourceTree = "<group>";
		};
		84C432AE281569EA0086ABF6 /* Views */ = {
			isa = PBXGroup;
			children = (
				84C432B328156AB80086ABF6 /* GFEmptyStateView.swift */,
				846A06A428164B2300DBABFB /* GFItemInfoView.swift */,
			);
			path = Views;
			sourceTree = "<group>";
		};
		84C432AF281569F00086ABF6 /* ViewController */ = {
			isa = PBXGroup;
			children = (
				846A06AC2816996800DBABFB /* ItemInfoVCs */,
				844CEAAD2812BB5000FB0876 /* GFAlertVC.swift */,
				84C432BD2815AB720086ABF6 /* GFUserInfoHeaderVC.swift */,
			);
			path = ViewController;
			sourceTree = "<group>";
		};
		84C432B0281569FE0086ABF6 /* TextFields */ = {
			isa = PBXGroup;
			children = (
				84C9AF8D28121F3E00D2F935 /* GFTextField.swift */,
			);
			path = TextFields;
			sourceTree = "<group>";
		};
		84C432B128156A090086ABF6 /* ImageView */ = {
			isa = PBXGroup;
			children = (
				844CEAE5281429BE00FB0876 /* GFAvatarImageView.swift */,
			);
			path = ImageView;
			sourceTree = "<group>";
		};
		84C432B228156A630086ABF6 /* Labels */ = {
			isa = PBXGroup;
			children = (
				844CEAA92812B8C200FB0876 /* GFTitleLabel.swift */,
				844CEAAB2812BA4A00FB0876 /* GFBodyLabel.swift */,
				84C432BF2815AC450086ABF6 /* GFSecondaryTitleLabel.swift */,
			);
			path = Labels;
			sourceTree = "<group>";
		};
		84C9AF432811042A00D2F935 = {
			isa = PBXGroup;
			children = (
				84C9AF4E2811042B00D2F935 /* GitHubFollowers */,
				84C9AF4D2811042B00D2F935 /* Products */,
			);
			sourceTree = "<group>";
		};
		84C9AF4D2811042B00D2F935 /* Products */ = {
			isa = PBXGroup;
			children = (
				84C9AF4C2811042B00D2F935 /* GitHubFollowers.app */,
			);
			name = Products;
			sourceTree = "<group>";
		};
		84C9AF4E2811042B00D2F935 /* GitHubFollowers */ = {
			isa = PBXGroup;
			children = (
				844CEADF281406D600FB0876 /* Utilities */,
				844CEABA2813984900FB0876 /* Managers */,
				844CEAB52813115800FB0876 /* Model */,
				844CEAB428130DAB00FB0876 /* Support */,
				844CEAB328130D4200FB0876 /* Extensions */,
				844CEAB12812EE7E00FB0876 /* Screens */,
				844CEAB228130CFB00FB0876 /* Custom Views */,
				84C9AF582811043000D2F935 /* Assets.xcassets */,
				84C9AF5A2811043000D2F935 /* LaunchScreen.storyboard */,
				84C9AF5D2811043000D2F935 /* Info.plist */,
			);
			path = GitHubFollowers;
			sourceTree = "<group>";
		};
/* End PBXGroup section */

/* Begin PBXNativeTarget section */
		84C9AF4B2811042B00D2F935 /* GitHubFollowers */ = {
			isa = PBXNativeTarget;
			buildConfigurationList = 84C9AF602811043000D2F935 /* Build configuration list for PBXNativeTarget "GitHubFollowers" */;
			buildPhases = (
				84C9AF482811042B00D2F935 /* Sources */,
				84C9AF492811042B00D2F935 /* Frameworks */,
				84C9AF4A2811042B00D2F935 /* Resources */,
			);
			buildRules = (
			);
			dependencies = (
			);
			name = GitHubFollowers;
			productName = GitHubFollowers;
			productReference = 84C9AF4C2811042B00D2F935 /* GitHubFollowers.app */;
			productType = "com.apple.product-type.application";
		};
/* End PBXNativeTarget section */

/* Begin PBXProject section */
		84C9AF442811042A00D2F935 /* Project object */ = {
			isa = PBXProject;
			attributes = {
				BuildIndependentTargetsInParallel = 1;
				LastSwiftUpdateCheck = 1330;
				LastUpgradeCheck = 1330;
				TargetAttributes = {
					84C9AF4B2811042B00D2F935 = {
						CreatedOnToolsVersion = 13.3.1;
					};
				};
			};
			buildConfigurationList = 84C9AF472811042A00D2F935 /* Build configuration list for PBXProject "GitHubFollowers" */;
			compatibilityVersion = "Xcode 13.0";
			developmentRegion = en;
			hasScannedForEncodings = 0;
			knownRegions = (
				en,
				Base,
			);
			mainGroup = 84C9AF432811042A00D2F935;
			productRefGroup = 84C9AF4D2811042B00D2F935 /* Products */;
			projectDirPath = "";
			projectRoot = "";
			targets = (
				84C9AF4B2811042B00D2F935 /* GitHubFollowers */,
			);
		};
/* End PBXProject section */

/* Begin PBXResourcesBuildPhase section */
		84C9AF4A2811042B00D2F935 /* Resources */ = {
			isa = PBXResourcesBuildPhase;
			buildActionMask = 2147483647;
			files = (
				84C9AF5C2811043000D2F935 /* LaunchScreen.storyboard in Resources */,
				84C9AF592811043000D2F935 /* Assets.xcassets in Resources */,
			);
			runOnlyForDeploymentPostprocessing = 0;
		};
/* End PBXResourcesBuildPhase section */

/* Begin PBXSourcesBuildPhase section */
		84C9AF482811042B00D2F935 /* Sources */ = {
			isa = PBXSourcesBuildPhase;
			buildActionMask = 2147483647;
			files = (
				84C432B428156AB80086ABF6 /* GFEmptyStateView.swift in Sources */,
				844CEAB928131B9E00FB0876 /* User.swift in Sources */,
				84C9AF8E28121F3E00D2F935 /* GFTextField.swift in Sources */,
				846A06B028169D4C00DBABFB /* String+Ext.swift in Sources */,
				84C432BE2815AB720086ABF6 /* GFUserInfoHeaderVC.swift in Sources */,
				84C9AF922812880700D2F935 /* FollowersListVC.swift in Sources */,
				84C9AF8A281206C800D2F935 /* FavoritesListVC.swift in Sources */,
				846A06A728167C4E00DBABFB /* GFItemInfoVC.swift in Sources */,
				84C432C22815BCD00086ABF6 /* Constants.swift in Sources */,
				844CEAB02812C58800FB0876 /* UIViewController+Ext.swift in Sources */,
				84C432AB2814DD940086ABF6 /* UIHelper.swift in Sources */,
				844CEAE6281429BE00FB0876 /* GFAvatarImageView.swift in Sources */,
				846A06AB281698A100DBABFB /* GFFollowerItemVC.swift in Sources */,
				846A06A528164B2300DBABFB /* GFItemInfoView.swift in Sources */,
				84C9AF8C281215E100D2F935 /* GFButton.swift in Sources */,
				844CEAAE2812BB5000FB0876 /* GFAlertVC.swift in Sources */,
				844CEAE4281428D300FB0876 /* FollowerCell.swift in Sources */,
				84C432B8281592C40086ABF6 /* GFError.swift in Sources */,
				844CEAAC2812BA4A00FB0876 /* GFBodyLabel.swift in Sources */,
				844CEAB72813116D00FB0876 /* Follower.swift in Sources */,
				846A06AE28169D0F00DBABFB /* Date+Ext.swift in Sources */,
				84C432C02815AC450086ABF6 /* GFSecondaryTitleLabel.swift in Sources */,
				844CEAAA2812B8C200FB0876 /* GFTitleLabel.swift in Sources */,
				844CEABC2813986000FB0876 /* NetworkManager.swift in Sources */,
				84C9AF882812066A00D2F935 /* SearchVC.swift in Sources */,
				84C9AF502811042B00D2F935 /* AppDelegate.swift in Sources */,
				84C9AF522811042B00D2F935 /* SceneDelegate.swift in Sources */,
				846A06A92816933D00DBABFB /* GFRepoItemVC.swift in Sources */,
				84C432B6281580C30086ABF6 /* UserInfoVC.swift in Sources */,
			);
			runOnlyForDeploymentPostprocessing = 0;
		};
/* End PBXSourcesBuildPhase section */

/* Begin PBXVariantGroup section */
		84C9AF5A2811043000D2F935 /* LaunchScreen.storyboard */ = {
			isa = PBXVariantGroup;
			children = (
				84C9AF5B2811043000D2F935 /* Base */,
			);
			name = LaunchScreen.storyboard;
			sourceTree = "<group>";
		};
/* End PBXVariantGroup section */

/* Begin XCBuildConfiguration section */
		84C9AF5E2811043000D2F935 /* Debug */ = {
			isa = XCBuildConfiguration;
			buildSettings = {
				ALWAYS_SEARCH_USER_PATHS = NO;
				CLANG_ANALYZER_NONNULL = YES;
				CLANG_ANALYZER_NUMBER_OBJECT_CONVERSION = YES_AGGRESSIVE;
				CLANG_CXX_LANGUAGE_STANDARD = "gnu++17";
				CLANG_ENABLE_MODULES = YES;
				CLANG_ENABLE_OBJC_ARC = YES;
				CLANG_ENABLE_OBJC_WEAK = YES;
				CLANG_WARN_BLOCK_CAPTURE_AUTORELEASING = YES;
				CLANG_WARN_BOOL_CONVERSION = YES;
				CLANG_WARN_COMMA = YES;
				CLANG_WARN_CONSTANT_CONVERSION = YES;
				CLANG_WARN_DEPRECATED_OBJC_IMPLEMENTATIONS = YES;
				CLANG_WARN_DIRECT_OBJC_ISA_USAGE = YES_ERROR;
				CLANG_WARN_DOCUMENTATION_COMMENTS = YES;
				CLANG_WARN_EMPTY_BODY = YES;
				CLANG_WARN_ENUM_CONVERSION = YES;
				CLANG_WARN_INFINITE_RECURSION = YES;
				CLANG_WARN_INT_CONVERSION = YES;
				CLANG_WARN_NON_LITERAL_NULL_CONVERSION = YES;
				CLANG_WARN_OBJC_IMPLICIT_RETAIN_SELF = YES;
				CLANG_WARN_OBJC_LITERAL_CONVERSION = YES;
				CLANG_WARN_OBJC_ROOT_CLASS = YES_ERROR;
				CLANG_WARN_QUOTED_INCLUDE_IN_FRAMEWORK_HEADER = YES;
				CLANG_WARN_RANGE_LOOP_ANALYSIS = YES;
				CLANG_WARN_STRICT_PROTOTYPES = YES;
				CLANG_WARN_SUSPICIOUS_MOVE = YES;
				CLANG_WARN_UNGUARDED_AVAILABILITY = YES_AGGRESSIVE;
				CLANG_WARN_UNREACHABLE_CODE = YES;
				CLANG_WARN__DUPLICATE_METHOD_MATCH = YES;
				COPY_PHASE_STRIP = NO;
				DEBUG_INFORMATION_FORMAT = dwarf;
				ENABLE_STRICT_OBJC_MSGSEND = YES;
				ENABLE_TESTABILITY = YES;
				GCC_C_LANGUAGE_STANDARD = gnu11;
				GCC_DYNAMIC_NO_PIC = NO;
				GCC_NO_COMMON_BLOCKS = YES;
				GCC_OPTIMIZATION_LEVEL = 0;
				GCC_PREPROCESSOR_DEFINITIONS = (
					"DEBUG=1",
					"$(inherited)",
				);
				GCC_WARN_64_TO_32_BIT_CONVERSION = YES;
				GCC_WARN_ABOUT_RETURN_TYPE = YES_ERROR;
				GCC_WARN_UNDECLARED_SELECTOR = YES;
				GCC_WARN_UNINITIALIZED_AUTOS = YES_AGGRESSIVE;
				GCC_WARN_UNUSED_FUNCTION = YES;
				GCC_WARN_UNUSED_VARIABLE = YES;
				IPHONEOS_DEPLOYMENT_TARGET = 15.4;
				MTL_ENABLE_DEBUG_INFO = INCLUDE_SOURCE;
				MTL_FAST_MATH = YES;
				ONLY_ACTIVE_ARCH = YES;
				SDKROOT = iphoneos;
				SWIFT_ACTIVE_COMPILATION_CONDITIONS = DEBUG;
				SWIFT_OPTIMIZATION_LEVEL = "-Onone";
			};
			name = Debug;
		};
		84C9AF5F2811043000D2F935 /* Release */ = {
			isa = XCBuildConfiguration;
			buildSettings = {
				ALWAYS_SEARCH_USER_PATHS = NO;
				CLANG_ANALYZER_NONNULL = YES;
				CLANG_ANALYZER_NUMBER_OBJECT_CONVERSION = YES_AGGRESSIVE;
				CLANG_CXX_LANGUAGE_STANDARD = "gnu++17";
				CLANG_ENABLE_MODULES = YES;
				CLANG_ENABLE_OBJC_ARC = YES;
				CLANG_ENABLE_OBJC_WEAK = YES;
				CLANG_WARN_BLOCK_CAPTURE_AUTORELEASING = YES;
				CLANG_WARN_BOOL_CONVERSION = YES;
				CLANG_WARN_COMMA = YES;
				CLANG_WARN_CONSTANT_CONVERSION = YES;
				CLANG_WARN_DEPRECATED_OBJC_IMPLEMENTATIONS = YES;
				CLANG_WARN_DIRECT_OBJC_ISA_USAGE = YES_ERROR;
				CLANG_WARN_DOCUMENTATION_COMMENTS = YES;
				CLANG_WARN_EMPTY_BODY = YES;
				CLANG_WARN_ENUM_CONVERSION = YES;
				CLANG_WARN_INFINITE_RECURSION = YES;
				CLANG_WARN_INT_CONVERSION = YES;
				CLANG_WARN_NON_LITERAL_NULL_CONVERSION = YES;
				CLANG_WARN_OBJC_IMPLICIT_RETAIN_SELF = YES;
				CLANG_WARN_OBJC_LITERAL_CONVERSION = YES;
				CLANG_WARN_OBJC_ROOT_CLASS = YES_ERROR;
				CLANG_WARN_QUOTED_INCLUDE_IN_FRAMEWORK_HEADER = YES;
				CLANG_WARN_RANGE_LOOP_ANALYSIS = YES;
				CLANG_WARN_STRICT_PROTOTYPES = YES;
				CLANG_WARN_SUSPICIOUS_MOVE = YES;
				CLANG_WARN_UNGUARDED_AVAILABILITY = YES_AGGRESSIVE;
				CLANG_WARN_UNREACHABLE_CODE = YES;
				CLANG_WARN__DUPLICATE_METHOD_MATCH = YES;
				COPY_PHASE_STRIP = NO;
				DEBUG_INFORMATION_FORMAT = "dwarf-with-dsym";
				ENABLE_NS_ASSERTIONS = NO;
				ENABLE_STRICT_OBJC_MSGSEND = YES;
				GCC_C_LANGUAGE_STANDARD = gnu11;
				GCC_NO_COMMON_BLOCKS = YES;
				GCC_WARN_64_TO_32_BIT_CONVERSION = YES;
				GCC_WARN_ABOUT_RETURN_TYPE = YES_ERROR;
				GCC_WARN_UNDECLARED_SELECTOR = YES;
				GCC_WARN_UNINITIALIZED_AUTOS = YES_AGGRESSIVE;
				GCC_WARN_UNUSED_FUNCTION = YES;
				GCC_WARN_UNUSED_VARIABLE = YES;
				IPHONEOS_DEPLOYMENT_TARGET = 15.4;
				MTL_ENABLE_DEBUG_INFO = NO;
				MTL_FAST_MATH = YES;
				SDKROOT = iphoneos;
				SWIFT_COMPILATION_MODE = wholemodule;
				SWIFT_OPTIMIZATION_LEVEL = "-O";
				VALIDATE_PRODUCT = YES;
			};
			name = Release;
		};
		84C9AF612811043000D2F935 /* Debug */ = {
			isa = XCBuildConfiguration;
			buildSettings = {
				ASSETCATALOG_COMPILER_APPICON_NAME = AppIcon;
				ASSETCATALOG_COMPILER_GLOBAL_ACCENT_COLOR_NAME = AccentColor;
				CODE_SIGN_STYLE = Automatic;
				CURRENT_PROJECT_VERSION = 1;
				GENERATE_INFOPLIST_FILE = YES;
				INFOPLIST_FILE = GitHubFollowers/Info.plist;
				INFOPLIST_KEY_UIApplicationSupportsIndirectInputEvents = YES;
				INFOPLIST_KEY_UILaunchStoryboardName = LaunchScreen;
				INFOPLIST_KEY_UISupportedInterfaceOrientations_iPad = "UIInterfaceOrientationPortrait UIInterfaceOrientationPortraitUpsideDown UIInterfaceOrientationLandscapeLeft UIInterfaceOrientationLandscapeRight";
				INFOPLIST_KEY_UISupportedInterfaceOrientations_iPhone = "UIInterfaceOrientationPortrait UIInterfaceOrientationLandscapeLeft UIInterfaceOrientationLandscapeRight";
				LD_RUNPATH_SEARCH_PATHS = (
					"$(inherited)",
					"@executable_path/Frameworks",
				);
				MARKETING_VERSION = 1.0;
				PRODUCT_BUNDLE_IDENTIFIER = com.rahul.ios.GitHubFollowers;
				PRODUCT_NAME = "$(TARGET_NAME)";
				SWIFT_EMIT_LOC_STRINGS = YES;
				SWIFT_VERSION = 5.0;
				TARGETED_DEVICE_FAMILY = 1;
			};
			name = Debug;
		};
		84C9AF622811043000D2F935 /* Release */ = {
			isa = XCBuildConfiguration;
			buildSettings = {
				ASSETCATALOG_COMPILER_APPICON_NAME = AppIcon;
				ASSETCATALOG_COMPILER_GLOBAL_ACCENT_COLOR_NAME = AccentColor;
				CODE_SIGN_STYLE = Automatic;
				CURRENT_PROJECT_VERSION = 1;
				GENERATE_INFOPLIST_FILE = YES;
				INFOPLIST_FILE = GitHubFollowers/Info.plist;
				INFOPLIST_KEY_UIApplicationSupportsIndirectInputEvents = YES;
				INFOPLIST_KEY_UILaunchStoryboardName = LaunchScreen;
				INFOPLIST_KEY_UISupportedInterfaceOrientations_iPad = "UIInterfaceOrientationPortrait UIInterfaceOrientationPortraitUpsideDown UIInterfaceOrientationLandscapeLeft UIInterfaceOrientationLandscapeRight";
				INFOPLIST_KEY_UISupportedInterfaceOrientations_iPhone = "UIInterfaceOrientationPortrait UIInterfaceOrientationLandscapeLeft UIInterfaceOrientationLandscapeRight";
				LD_RUNPATH_SEARCH_PATHS = (
					"$(inherited)",
					"@executable_path/Frameworks",
				);
				MARKETING_VERSION = 1.0;
				PRODUCT_BUNDLE_IDENTIFIER = com.rahul.ios.GitHubFollowers;
				PRODUCT_NAME = "$(TARGET_NAME)";
				SWIFT_EMIT_LOC_STRINGS = YES;
				SWIFT_VERSION = 5.0;
				TARGETED_DEVICE_FAMILY = 1;
			};
			name = Release;
		};
/* End XCBuildConfiguration section */

/* Begin XCConfigurationList section */
		84C9AF472811042A00D2F935 /* Build configuration list for PBXProject "GitHubFollowers" */ = {
			isa = XCConfigurationList;
			buildConfigurations = (
				84C9AF5E2811043000D2F935 /* Debug */,
				84C9AF5F2811043000D2F935 /* Release */,
			);
			defaultConfigurationIsVisible = 0;
			defaultConfigurationName = Release;
		};
		84C9AF602811043000D2F935 /* Build configuration list for PBXNativeTarget "GitHubFollowers" */ = {
			isa = XCConfigurationList;
			buildConfigurations = (
				84C9AF612811043000D2F935 /* Debug */,
				84C9AF622811043000D2F935 /* Release */,
			);
			defaultConfigurationIsVisible = 0;
			defaultConfigurationName = Release;
		};
/* End XCConfigurationList section */
	};
	rootObject = 84C9AF442811042A00D2F935 /* Project object */;
}
